
Microsoft Visual Studio Solution File, Format Version 12.00
# Visual Studio 14
VisualStudioVersion = 14.0.24720.0
MinimumVisualStudioVersion = 10.0.40219.1
Project("{FAE04EC0-301F-11D3-BF4B-00C04F79EFBC}") = "SolarSystem", "SolarSystem\SolarSystem.csproj", "{86E7B66A-9547-4543-AAF0-508CC5B0A119}"
EndProject
Global
	GlobalSection(SolutionConfigurationPlatforms) = preSolution
		Debug|Any CPU = Debug|Any CPU
		Release|Any CPU = Release|Any CPU
	EndGlobalSection
	GlobalSection(ProjectConfigurationPlatforms) = postSolution
		{86E7B66A-9547-4543-AAF0-508CC5B0A119}.Debug|Any CPU.ActiveCfg = Debug|Any CPU
		{86E7B66A-9547-4543-AAF0-508CC5B0A119}.Debug|Any CPU.Build.0 = Debug|Any CPU
		{86E7B66A-9547-4543-AAF0-508CC5B0A119}.Release|Any CPU.ActiveCfg = Release|Any CPU
		{86E7B66A-9547-4543-AAF0-508CC5B0A119}.Release|Any CPU.Build.0 = Release|Any CPU
	EndGlobalSection
	GlobalSection(SolutionProperties) = preSolution
		HideSolutionNode = FALSE
	EndGlobalSection
EndGlobal
